{
  "requires": true,
  "lockfileVersion": 1,
  "dependencies": {
    "marked": {
      "version": "1.1.1",
      "resolved": "https://registry.npmjs.org/marked/-/marked-1.1.1.tgz",
      "integrity": "sha512-mJzT8D2yPxoPh7h0UXkB+dBj4FykPJ2OIfxAWeIHrvoHDkFxukV/29QxoFQoPM6RLEwhIFdJpmKBlqVM3s2ZIw=="
    },
    "prettier": {
      "version": "1.12.1",
      "resolved": "http://registry.npm.taobao.org/prettier/download/prettier-1.12.1.tgz",
      "integrity": "sha1-wa0g6APndJ+vkFpAnSNn4Gu+cyU="
    }
  }
}
